
Microsoft Visual Studio Solution File, Format Version 12.00
# Visual Studio Version 16
VisualStudioVersion = 16.0.32002.261
MinimumVisualStudioVersion = 10.0.40219.1
Project("{9A19103F-16F7-4668-BE54-9A1E7A4F7556}") = "Testlab1", "Testlab1\Testlab1.csproj", "{CD41016D-C1D7-4E0D-8F37-80173CBCEC7F}"
EndProject
Project("{9A19103F-16F7-4668-BE54-9A1E7A4F7556}") = "ClassLibrary1", "ClassLibrary1\ClassLibrary1.csproj", "{2D78C1C0-3C41-4743-97E3-24D971688B7E}"
EndProject
Project("{9A19103F-16F7-4668-BE54-9A1E7A4F7556}") = "lab210.DAL", "lab210.DAL\lab210.DAL.csproj", "{47B7EA55-4422-4F6A-B248-52F4453F5981}"
EndProject
Project("{FAE04EC0-301F-11D3-BF4B-00C04F79EFBC}") = "lab210.BLL", "lab210.BLL\lab210.BLL.csproj", "{D042A4CD-6FA3-428B-8A29-36E006A439D2}"
EndProject
Global
	GlobalSection(SolutionConfigurationPlatforms) = preSolution
		Debug|Any CPU = Debug|Any CPU
		Release|Any CPU = Release|Any CPU
	EndGlobalSection
	GlobalSection(ProjectConfigurationPlatforms) = postSolution
		{CD41016D-C1D7-4E0D-8F37-80173CBCEC7F}.Debug|Any CPU.ActiveCfg = Debug|Any CPU
		{CD41016D-C1D7-4E0D-8F37-80173CBCEC7F}.Debug|Any CPU.Build.0 = Debug|Any CPU
		{CD41016D-C1D7-4E0D-8F37-80173CBCEC7F}.Release|Any CPU.ActiveCfg = Release|Any CPU
		{CD41016D-C1D7-4E0D-8F37-80173CBCEC7F}.Release|Any CPU.Build.0 = Release|Any CPU
		{2D78C1C0-3C41-4743-97E3-24D971688B7E}.Debug|Any CPU.ActiveCfg = Debug|Any CPU
		{2D78C1C0-3C41-4743-97E3-24D971688B7E}.Debug|Any CPU.Build.0 = Debug|Any CPU
		{2D78C1C0-3C41-4743-97E3-24D971688B7E}.Release|Any CPU.ActiveCfg = Release|Any CPU
		{2D78C1C0-3C41-4743-97E3-24D971688B7E}.Release|Any CPU.Build.0 = Release|Any CPU
		{47B7EA55-4422-4F6A-B248-52F4453F5981}.Debug|Any CPU.ActiveCfg = Debug|Any CPU
		{47B7EA55-4422-4F6A-B248-52F4453F5981}.Debug|Any CPU.Build.0 = Debug|Any CPU
		{47B7EA55-4422-4F6A-B248-52F4453F5981}.Release|Any CPU.ActiveCfg = Release|Any CPU
		{47B7EA55-4422-4F6A-B248-52F4453F5981}.Release|Any CPU.Build.0 = Release|Any CPU
		{D042A4CD-6FA3-428B-8A29-36E006A439D2}.Debug|Any CPU.ActiveCfg = Debug|Any CPU
		{D042A4CD-6FA3-428B-8A29-36E006A439D2}.Debug|Any CPU.Build.0 = Debug|Any CPU
		{D042A4CD-6FA3-428B-8A29-36E006A439D2}.Release|Any CPU.ActiveCfg = Release|Any CPU
		{D042A4CD-6FA3-428B-8A29-36E006A439D2}.Release|Any CPU.Build.0 = Release|Any CPU
	EndGlobalSection
	GlobalSection(SolutionProperties) = preSolution
		HideSolutionNode = FALSE
	EndGlobalSection
	GlobalSection(ExtensibilityGlobals) = postSolution
		SolutionGuid = {7D30ACA1-D3BF-41BF-8102-5BE7325772B5}
	EndGlobalSection
EndGlobal
